
Microsoft Visual Studio Solution File, Format Version 12.00
# Visual Studio 15
VisualStudioVersion = 15.0.28307.489
MinimumVisualStudioVersion = 10.0.40219.1
Project("{FAE04EC0-301F-11D3-BF4B-00C04F79EFBC}") = "Lab Number 2", "Lab Number 2\Lab Number 2.csproj", "{5A883D87-61E3-4632-9868-4520B2ECD92C}"
EndProject
Global
	GlobalSection(SolutionConfigurationPlatforms) = preSolution
		Debug|Any CPU = Debug|Any CPU
		Release|Any CPU = Release|Any CPU
	EndGlobalSection
	GlobalSection(ProjectConfigurationPlatforms) = postSolution
		{5A883D87-61E3-4632-9868-4520B2ECD92C}.Debug|Any CPU.ActiveCfg = Debug|Any CPU
		{5A883D87-61E3-4632-9868-4520B2ECD92C}.Debug|Any CPU.Build.0 = Debug|Any CPU
		{5A883D87-61E3-4632-9868-4520B2ECD92C}.Release|Any CPU.ActiveCfg = Release|Any CPU
		{5A883D87-61E3-4632-9868-4520B2ECD92C}.Release|Any CPU.Build.0 = Release|Any CPU
	EndGlobalSection
	GlobalSection(SolutionProperties) = preSolution
		HideSolutionNode = FALSE
	EndGlobalSection
	GlobalSection(ExtensibilityGlobals) = postSolution
		SolutionGuid = {DA8E2B5A-CE66-4665-9B59-AC8150C72060}
	EndGlobalSection
EndGlobal
